// !$*UTF8*$!
{
	archiveVersion = 1;
	classes = {
	};
	objectVersion = 50;
	objects = {

/* Begin PBXBuildFile section */
		CC0ED8F922DF8B3E00DA44C6 /* WorkViewController.swift in Sources */ = {isa = PBXBuildFile; fileRef = CC0ED8F822DF8B3E00DA44C6 /* WorkViewController.swift */; };
		CC0ED8FB22DF92BF00DA44C6 /* SchoolViewController.swift in Sources */ = {isa = PBXBuildFile; fileRef = CC0ED8FA22DF92BF00DA44C6 /* SchoolViewController.swift */; };
		CC0ED8FD22DF962200DA44C6 /* FunViewController.swift in Sources */ = {isa = PBXBuildFile; fileRef = CC0ED8FC22DF962200DA44C6 /* FunViewController.swift */; };
		CC20817122DE7112001B8131 /* ResultsController.swift in Sources */ = {isa = PBXBuildFile; fileRef = CC20817022DE7112001B8131 /* ResultsController.swift */; };
		CC8C87A122E0E2CA00829B74 /* Main.storyboard in Resources */ = {isa = PBXBuildFile; fileRef = CC8C879F22E0E2CA00829B74 /* Main.storyboard */; };
		CCCB879722DD03D8009F3635 /* AppDelegate.swift in Sources */ = {isa = PBXBuildFile; fileRef = CCCB879622DD03D8009F3635 /* AppDelegate.swift */; };
		CCCB879922DD03D8009F3635 /* ViewController.swift in Sources */ = {isa = PBXBuildFile; fileRef = CCCB879822DD03D8009F3635 /* ViewController.swift */; };
		CCCB879F22DD03D8009F3635 /* capstoneProject.xcdatamodeld in Sources */ = {isa = PBXBuildFile; fileRef = CCCB879D22DD03D8009F3635 /* capstoneProject.xcdatamodeld */; };
		CCCB87A122DD03D9009F3635 /* Assets.xcassets in Resources */ = {isa = PBXBuildFile; fileRef = CCCB87A022DD03D9009F3635 /* Assets.xcassets */; };
		CCCB87A422DD03D9009F3635 /* LaunchScreen.storyboard in Resources */ = {isa = PBXBuildFile; fileRef = CCCB87A222DD03D9009F3635 /* LaunchScreen.storyboard */; };
/* End PBXBuildFile section */

/* Begin PBXFileReference section */
		CC0ED8F822DF8B3E00DA44C6 /* WorkViewController.swift */ = {isa = PBXFileReference; lastKnownFileType = sourcecode.swift; path = WorkViewController.swift; sourceTree = "<group>"; };
		CC0ED8FA22DF92BF00DA44C6 /* SchoolViewController.swift */ = {isa = PBXFileReference; lastKnownFileType = sourcecode.swift; path = SchoolViewController.swift; sourceTree = "<group>"; };
		CC0ED8FC22DF962200DA44C6 /* FunViewController.swift */ = {isa = PBXFileReference; lastKnownFileType = sourcecode.swift; path = FunViewController.swift; sourceTree = "<group>"; };
		CC20817022DE7112001B8131 /* ResultsController.swift */ = {isa = PBXFileReference; lastKnownFileType = sourcecode.swift; path = ResultsController.swift; sourceTree = "<group>"; };
		CC8C87A022E0E2CA00829B74 /* Base */ = {isa = PBXFileReference; lastKnownFileType = file.storyboard; name = Base; path = Base.lproj/Main.storyboard; sourceTree = "<group>"; };
		CCCB879322DD03D8009F3635 /* capstoneProject.app */ = {isa = PBXFileReference; explicitFileType = wrapper.application; includeInIndex = 0; path = capstoneProject.app; sourceTree = BUILT_PRODUCTS_DIR; };
		CCCB879622DD03D8009F3635 /* AppDelegate.swift */ = {isa = PBXFileReference; lastKnownFileType = sourcecode.swift; path = AppDelegate.swift; sourceTree = "<group>"; };
		CCCB879822DD03D8009F3635 /* ViewController.swift */ = {isa = PBXFileReference; lastKnownFileType = sourcecode.swift; path = ViewController.swift; sourceTree = "<group>"; };
		CCCB879E22DD03D8009F3635 /* capstoneProject.xcdatamodel */ = {isa = PBXFileReference; lastKnownFileType = wrapper.xcdatamodel; path = capstoneProject.xcdatamodel; sourceTree = "<group>"; };
		CCCB87A022DD03D9009F3635 /* Assets.xcassets */ = {isa = PBXFileReference; lastKnownFileType = folder.assetcatalog; path = Assets.xcassets; sourceTree = "<group>"; };
		CCCB87A322DD03D9009F3635 /* Base */ = {isa = PBXFileReference; lastKnownFileType = file.storyboard; name = Base; path = Base.lproj/LaunchScreen.storyboard; sourceTree = "<group>"; };
		CCCB87A522DD03D9009F3635 /* Info.plist */ = {isa = PBXFileReference; lastKnownFileType = text.plist.xml; path = Info.plist; sourceTree = "<group>"; };
/* End PBXFileReference section */

/* Begin PBXFrameworksBuildPhase section */
		CCCB879022DD03D8009F3635 /* Frameworks */ = {
			isa = PBXFrameworksBuildPhase;
			buildActionMask = 2147483647;
			files = (
			);
			runOnlyForDeploymentPostprocessing = 0;
		};
/* End PBXFrameworksBuildPhase section */

/* Begin PBXGroup section */
		CCCB878A22DD03D8009F3635 = {
			isa = PBXGroup;
			children = (
				CCCB879522DD03D8009F3635 /* capstoneProject */,
				CCCB879422DD03D8009F3635 /* Products */,
			);
			sourceTree = "<group>";
		};
		CCCB879422DD03D8009F3635 /* Products */ = {
			isa = PBXGroup;
			children = (
				CCCB879322DD03D8009F3635 /* capstoneProject.app */,
			);
			name = Products;
			sourceTree = "<group>";
		};
		CCCB879522DD03D8009F3635 /* capstoneProject */ = {
			isa = PBXGroup;
			children = (
				CCCB879622DD03D8009F3635 /* AppDelegate.swift */,
				CCCB879822DD03D8009F3635 /* ViewController.swift */,
				CC0ED8F822DF8B3E00DA44C6 /* WorkViewController.swift */,
				CC0ED8FC22DF962200DA44C6 /* FunViewController.swift */,
				CC0ED8FA22DF92BF00DA44C6 /* SchoolViewController.swift */,
				CC20817022DE7112001B8131 /* ResultsController.swift */,
				CCCB87A022DD03D9009F3635 /* Assets.xcassets */,
				CCCB87A222DD03D9009F3635 /* LaunchScreen.storyboard */,
				CCCB87A522DD03D9009F3635 /* Info.plist */,
				CCCB879D22DD03D8009F3635 /* capstoneProject.xcdatamodeld */,
				CC8C879F22E0E2CA00829B74 /* Main.storyboard */,
			);
			path = capstoneProject;
			sourceTree = "<group>";
		};
/* End PBXGroup section */

/* Begin PBXNativeTarget section */
		CCCB879222DD03D8009F3635 /* capstoneProject */ = {
			isa = PBXNativeTarget;
			buildConfigurationList = CCCB87A822DD03D9009F3635 /* Build configuration list for PBXNativeTarget "capstoneProject" */;
			buildPhases = (
				CCCB878F22DD03D8009F3635 /* Sources */,
				CCCB879022DD03D8009F3635 /* Frameworks */,
				CCCB879122DD03D8009F3635 /* Resources */,
			);
			buildRules = (
			);
			dependencies = (
			);
			name = capstoneProject;
			productName = capstoneProject;
			productReference = CCCB879322DD03D8009F3635 /* capstoneProject.app */;
			productType = "com.apple.product-type.application";
		};
/* End PBXNativeTarget section */

/* Begin PBXProject section */
		CCCB878B22DD03D8009F3635 /* Project object */ = {
			isa = PBXProject;
			attributes = {
				LastSwiftUpdateCheck = 1020;
				LastUpgradeCheck = 1020;
				ORGANIZATIONNAME = GWC;
				TargetAttributes = {
					CCCB879222DD03D8009F3635 = {
						CreatedOnToolsVersion = 10.2.1;
					};
				};
			};
			buildConfigurationList = CCCB878E22DD03D8009F3635 /* Build configuration list for PBXProject "capstoneProject" */;
			compatibilityVersion = "Xcode 9.3";
			developmentRegion = en;
			hasScannedForEncodings = 0;
			knownRegions = (
				en,
				Base,
			);
			mainGroup = CCCB878A22DD03D8009F3635;
			productRefGroup = CCCB879422DD03D8009F3635 /* Products */;
			projectDirPath = "";
			projectRoot = "";
			targets = (
				CCCB879222DD03D8009F3635 /* capstoneProject */,
			);
		};
/* End PBXProject section */

/* Begin PBXResourcesBuildPhase section */
		CCCB879122DD03D8009F3635 /* Resources */ = {
			isa = PBXResourcesBuildPhase;
			buildActionMask = 2147483647;
			files = (
				CC8C87A122E0E2CA00829B74 /* Main.storyboard in Resources */,
				CCCB87A422DD03D9009F3635 /* LaunchScreen.storyboard in Resources */,
				CCCB87A122DD03D9009F3635 /* Assets.xcassets in Resources */,
			);
			runOnlyForDeploymentPostprocessing = 0;
		};
/* End PBXResourcesBuildPhase section */

/* Begin PBXSourcesBuildPhase section */
		CCCB878F22DD03D8009F3635 /* Sources */ = {
			isa = PBXSourcesBuildPhase;
			buildActionMask = 2147483647;
			files = (
				CC20817122DE7112001B8131 /* ResultsController.swift in Sources */,
				CC0ED8FD22DF962200DA44C6 /* FunViewController.swift in Sources */,
				CCCB879922DD03D8009F3635 /* ViewController.swift in Sources */,
				CC0ED8FB22DF92BF00DA44C6 /* SchoolViewController.swift in Sources */,
				CCCB879722DD03D8009F3635 /* AppDelegate.swift in Sources */,
				CC0ED8F922DF8B3E00DA44C6 /* WorkViewController.swift in Sources */,
				CCCB879F22DD03D8009F3635 /* capstoneProject.xcdatamodeld in Sources */,
			);
			runOnlyForDeploymentPostprocessing = 0;
		};
/* End PBXSourcesBuildPhase section */

/* Begin PBXVariantGroup section */
		CC8C879F22E0E2CA00829B74 /* Main.storyboard */ = {
			isa = PBXVariantGroup;
			children = (
				CC8C87A022E0E2CA00829B74 /* Base */,
			);
			name = Main.storyboard;
			sourceTree = "<group>";
		};
		CCCB87A222DD03D9009F3635 /* LaunchScreen.storyboard */ = {
			isa = PBXVariantGroup;
			children = (
				CCCB87A322DD03D9009F3635 /* Base */,
			);
			name = LaunchScreen.storyboard;
			sourceTree = "<group>";
		};
/* End PBXVariantGroup section */

/* Begin XCBuildConfiguration section */
		CCCB87A622DD03D9009F3635 /* Debug */ = {
			isa = XCBuildConfiguration;
			buildSettings = {
				ALWAYS_SEARCH_USER_PATHS = NO;
				CLANG_ANALYZER_NONNULL = YES;
				CLANG_ANALYZER_NUMBER_OBJECT_CONVERSION = YES_AGGRESSIVE;
				CLANG_CXX_LANGUAGE_STANDARD = "gnu++14";
				CLANG_CXX_LIBRARY = "libc++";
				CLANG_ENABLE_MODULES = YES;
				CLANG_ENABLE_OBJC_ARC = YES;
				CLANG_ENABLE_OBJC_WEAK = YES;
				CLANG_WARN_BLOCK_CAPTURE_AUTORELEASING = YES;
				CLANG_WARN_BOOL_CONVERSION = YES;
				CLANG_WARN_COMMA = YES;
				CLANG_WARN_CONSTANT_CONVERSION = YES;
				CLANG_WARN_DEPRECATED_OBJC_IMPLEMENTATIONS = YES;
				CLANG_WARN_DIRECT_OBJC_ISA_USAGE = YES_ERROR;
				CLANG_WARN_DOCUMENTATION_COMMENTS = YES;
				CLANG_WARN_EMPTY_BODY = YES;
				CLANG_WARN_ENUM_CONVERSION = YES;
				CLANG_WARN_INFINITE_RECURSION = YES;
				CLANG_WARN_INT_CONVERSION = YES;
				CLANG_WARN_NON_LITERAL_NULL_CONVERSION = YES;
				CLANG_WARN_OBJC_IMPLICIT_RETAIN_SELF = YES;
				CLANG_WARN_OBJC_LITERAL_CONVERSION = YES;
				CLANG_WARN_OBJC_ROOT_CLASS = YES_ERROR;
				CLANG_WARN_RANGE_LOOP_ANALYSIS = YES;
				CLANG_WARN_STRICT_PROTOTYPES = YES;
				CLANG_WARN_SUSPICIOUS_MOVE = YES;
				CLANG_WARN_UNGUARDED_AVAILABILITY = YES_AGGRESSIVE;
				CLANG_WARN_UNREACHABLE_CODE = YES;
				CLANG_WARN__DUPLICATE_METHOD_MATCH = YES;
				CODE_SIGN_IDENTITY = "iPhone Developer";
				COPY_PHASE_STRIP = NO;
				DEBUG_INFORMATION_FORMAT = dwarf;
				ENABLE_STRICT_OBJC_MSGSEND = YES;
				ENABLE_TESTABILITY = YES;
				GCC_C_LANGUAGE_STANDARD = gnu11;
				GCC_DYNAMIC_NO_PIC = NO;
				GCC_NO_COMMON_BLOCKS = YES;
				GCC_OPTIMIZATION_LEVEL = 0;
				GCC_PREPROCESSOR_DEFINITIONS = (
					"DEBUG=1",
					"$(inherited)",
				);
				GCC_WARN_64_TO_32_BIT_CONVERSION = YES;
				GCC_WARN_ABOUT_RETURN_TYPE = YES_ERROR;
				GCC_WARN_UNDECLARED_SELECTOR = YES;
				GCC_WARN_UNINITIALIZED_AUTOS = YES_AGGRESSIVE;
				GCC_WARN_UNUSED_FUNCTION = YES;
				GCC_WARN_UNUSED_VARIABLE = YES;
				IPHONEOS_DEPLOYMENT_TARGET = 12.2;
				MTL_ENABLE_DEBUG_INFO = INCLUDE_SOURCE;
				MTL_FAST_MATH = YES;
				ONLY_ACTIVE_ARCH = YES;
				SDKROOT = iphoneos;
				SWIFT_ACTIVE_COMPILATION_CONDITIONS = DEBUG;
				SWIFT_OPTIMIZATION_LEVEL = "-Onone";
			};
			name = Debug;
		};
		CCCB87A722DD03D9009F3635 /* Release */ = {
			isa = XCBuildConfiguration;
			buildSettings = {
				ALWAYS_SEARCH_USER_PATHS = NO;
				CLANG_ANALYZER_NONNULL = YES;
				CLANG_ANALYZER_NUMBER_OBJECT_CONVERSION = YES_AGGRESSIVE;
				CLANG_CXX_LANGUAGE_STANDARD = "gnu++14";
				CLANG_CXX_LIBRARY = "libc++";
				CLANG_ENABLE_MODULES = YES;
				CLANG_ENABLE_OBJC_ARC = YES;
				CLANG_ENABLE_OBJC_WEAK = YES;
				CLANG_WARN_BLOCK_CAPTURE_AUTORELEASING = YES;
				CLANG_WARN_BOOL_CONVERSION = YES;
				CLANG_WARN_COMMA = YES;
				CLANG_WARN_CONSTANT_CONVERSION = YES;
				CLANG_WARN_DEPRECATED_OBJC_IMPLEMENTATIONS = YES;
				CLANG_WARN_DIRECT_OBJC_ISA_USAGE = YES_ERROR;
				CLANG_WARN_DOCUMENTATION_COMMENTS = YES;
				CLANG_WARN_EMPTY_BODY = YES;
				CLANG_WARN_ENUM_CONVERSION = YES;
				CLANG_WARN_INFINITE_RECURSION = YES;
				CLANG_WARN_INT_CONVERSION = YES;
				CLANG_WARN_NON_LITERAL_NULL_CONVERSION = YES;
				CLANG_WARN_OBJC_IMPLICIT_RETAIN_SELF = YES;
				CLANG_WARN_OBJC_LITERAL_CONVERSION = YES;
				CLANG_WARN_OBJC_ROOT_CLASS = YES_ERROR;
				CLANG_WARN_RANGE_LOOP_ANALYSIS = YES;
				CLANG_WARN_STRICT_PROTOTYPES = YES;
				CLANG_WARN_SUSPICIOUS_MOVE = YES;
				CLANG_WARN_UNGUARDED_AVAILABILITY = YES_AGGRESSIVE;
				CLANG_WARN_UNREACHABLE_CODE = YES;
				CLANG_WARN__DUPLICATE_METHOD_MATCH = YES;
				CODE_SIGN_IDENTITY = "iPhone Developer";
				COPY_PHASE_STRIP = NO;
				DEBUG_INFORMATION_FORMAT = "dwarf-with-dsym";
				ENABLE_NS_ASSERTIONS = NO;
				ENABLE_STRICT_OBJC_MSGSEND = YES;
				GCC_C_LANGUAGE_STANDARD = gnu11;
				GCC_NO_COMMON_BLOCKS = YES;
				GCC_WARN_64_TO_32_BIT_CONVERSION = YES;
				GCC_WARN_ABOUT_RETURN_TYPE = YES_ERROR;
				GCC_WARN_UNDECLARED_SELECTOR = YES;
				GCC_WARN_UNINITIALIZED_AUTOS = YES_AGGRESSIVE;
				GCC_WARN_UNUSED_FUNCTION = YES;
				GCC_WARN_UNUSED_VARIABLE = YES;
				IPHONEOS_DEPLOYMENT_TARGET = 12.2;
				MTL_ENABLE_DEBUG_INFO = NO;
				MTL_FAST_MATH = YES;
				SDKROOT = iphoneos;
				SWIFT_COMPILATION_MODE = wholemodule;
				SWIFT_OPTIMIZATION_LEVEL = "-O";
				VALIDATE_PRODUCT = YES;
			};
			name = Release;
		};
		CCCB87A922DD03D9009F3635 /* Debug */ = {
			isa = XCBuildConfiguration;
			buildSettings = {
				ASSETCATALOG_COMPILER_APPICON_NAME = AppIcon;
				CODE_SIGN_STYLE = Automatic;
				DEVELOPMENT_TEAM = 8V8YRVNZ3N;
				INFOPLIST_FILE = capstoneProject/Info.plist;
				LD_RUNPATH_SEARCH_PATHS = (
					"$(inherited)",
					"@executable_path/Frameworks",
				);
				PRODUCT_BUNDLE_IDENTIFIER = com.nadiajokiman.gwc.capstoneProject1;
				PRODUCT_NAME = "$(TARGET_NAME)";
				SWIFT_VERSION = 5.0;
				TARGETED_DEVICE_FAMILY = "1,2";
			};
			name = Debug;
		};
		CCCB87AA22DD03D9009F3635 /* Release */ = {
			isa = XCBuildConfiguration;
			buildSettings = {
				ASSETCATALOG_COMPILER_APPICON_NAME = AppIcon;
				CODE_SIGN_STYLE = Automatic;
				DEVELOPMENT_TEAM = 8V8YRVNZ3N;
				INFOPLIST_FILE = capstoneProject/Info.plist;
				LD_RUNPATH_SEARCH_PATHS = (
					"$(inherited)",
					"@executable_path/Frameworks",
				);
				PRODUCT_BUNDLE_IDENTIFIER = com.nadiajokiman.gwc.capstoneProject1;
				PRODUCT_NAME = "$(TARGET_NAME)";
				SWIFT_VERSION = 5.0;
				TARGETED_DEVICE_FAMILY = "1,2";
			};
			name = Release;
		};
/* End XCBuildConfiguration section */

/* Begin XCConfigurationList section */
		CCCB878E22DD03D8009F3635 /* Build configuration list for PBXProject "capstoneProject" */ = {
			isa = XCConfigurationList;
			buildConfigurations = (
				CCCB87A622DD03D9009F3635 /* Debug */,
				CCCB87A722DD03D9009F3635 /* Release */,
			);
			defaultConfigurationIsVisible = 0;
			defaultConfigurationName = Release;
		};
		CCCB87A822DD03D9009F3635 /* Build configuration list for PBXNativeTarget "capstoneProject" */ = {
			isa = XCConfigurationList;
			buildConfigurations = (
				CCCB87A922DD03D9009F3635 /* Debug */,
				CCCB87AA22DD03D9009F3635 /* Release */,
			);
			defaultConfigurationIsVisible = 0;
			defaultConfigurationName = Release;
		};
/* End XCConfigurationList section */

/* Begin XCVersionGroup section */
		CCCB879D22DD03D8009F3635 /* capstoneProject.xcdatamodeld */ = {
			isa = XCVersionGroup;
			children = (
				CCCB879E22DD03D8009F3635 /* capstoneProject.xcdatamodel */,
			);
			currentVersion = CCCB879E22DD03D8009F3635 /* capstoneProject.xcdatamodel */;
			path = capstoneProject.xcdatamodeld;
			sourceTree = "<group>";
			versionGroupType = wrapper.xcdatamodel;
		};
/* End XCVersionGroup section */
	};
	rootObject = CCCB878B22DD03D8009F3635 /* Project object */;
}
